version = 1
revision = 2
requires-python = ">=3.10, <4.0"

[[package]]
name = "mettagrid"
version = "0.1.6"
source = { editable = "." }
dependencies = [
    { name = "numpy" },
    { name = "pybind11" },
]

[package.metadata]
requires-dist = [
    { name = "numpy", specifier = ">=2.2.5" },
    { name = "pybind11", specifier = ">=2.10.4" },
]

[[package]]
name = "numpy"
version = "2.2.5"
source = { registry = "https://pypi.org/simple" }
sdist = { url = "https://files.pythonhosted.org/packages/dc/b2/ce4b867d8cd9c0ee84938ae1e6a6f7926ebf928c9090d036fc3c6a04f946/numpy-2.2.5.tar.gz", hash = "sha256:a9c0d994680cd991b1cb772e8b297340085466a6fe964bc9d4e80f5e2f43c291", size = 20273920, upload-time = "2025-04-19T23:27:42.561Z" }
wheels = [
    { url = "https://files.pythonhosted.org/packages/ef/4e/3d9e6d16237c2aa5485695f0626cbba82f6481efca2e9132368dea3b885e/numpy-2.2.5-cp310-cp310-macosx_10_9_x86_64.whl", hash = "sha256:1f4a922da1729f4c40932b2af4fe84909c7a6e167e6e99f71838ce3a29f3fe26", size = 21252117, upload-time = "2025-04-19T22:31:01.142Z" },
    { url = "https://files.pythonhosted.org/packages/38/e4/db91349d4079cd15c02ff3b4b8882a529991d6aca077db198a2f2a670406/numpy-2.2.5-cp310-cp310-macosx_11_0_arm64.whl", hash = "sha256:b6f91524d31b34f4a5fee24f5bc16dcd1491b668798b6d85585d836c1e633a6a", size = 14424615, upload-time = "2025-04-19T22:31:24.873Z" },
    { url = "https://files.pythonhosted.org/packages/f8/59/6e5b011f553c37b008bd115c7ba7106a18f372588fbb1b430b7a5d2c41ce/numpy-2.2.5-cp310-cp310-macosx_14_0_arm64.whl", hash = "sha256:19f4718c9012e3baea91a7dba661dcab2451cda2550678dc30d53acb91a7290f", size = 5428691, upload-time = "2025-04-19T22:31:33.998Z" },
    { url = "https://files.pythonhosted.org/packages/a2/58/d5d70ebdac82b3a6ddf409b3749ca5786636e50fd64d60edb46442af6838/numpy-2.2.5-cp310-cp310-macosx_14_0_x86_64.whl", hash = "sha256:eb7fd5b184e5d277afa9ec0ad5e4eb562ecff541e7f60e69ee69c8d59e9aeaba", size = 6965010, upload-time = "2025-04-19T22:31:45.281Z" },
    { url = "https://files.pythonhosted.org/packages/dc/a8/c290394be346d4e7b48a40baf292626fd96ec56a6398ace4c25d9079bc6a/numpy-2.2.5-cp310-cp310-manylinux_2_17_aarch64.manylinux2014_aarch64.whl", hash = "sha256:6413d48a9be53e183eb06495d8e3b006ef8f87c324af68241bbe7a39e8ff54c3", size = 14369885, upload-time = "2025-04-19T22:32:06.557Z" },
    { url = "https://files.pythonhosted.org/packages/c2/70/fed13c70aabe7049368553e81d7ca40f305f305800a007a956d7cd2e5476/numpy-2.2.5-cp310-cp310-manylinux_2_17_x86_64.manylinux2014_x86_64.whl", hash = "sha256:7451f92eddf8503c9b8aa4fe6aa7e87fd51a29c2cfc5f7dbd72efde6c65acf57", size = 16418372, upload-time = "2025-04-19T22:32:31.716Z" },
    { url = "https://files.pythonhosted.org/packages/04/ab/c3c14f25ddaecd6fc58a34858f6a93a21eea6c266ba162fa99f3d0de12ac/numpy-2.2.5-cp310-cp310-musllinux_1_2_aarch64.whl", hash = "sha256:0bcb1d057b7571334139129b7f941588f69ce7c4ed15a9d6162b2ea54ded700c", size = 15883173, upload-time = "2025-04-19T22:32:55.106Z" },
    { url = "https://files.pythonhosted.org/packages/50/18/f53710a19042911c7aca824afe97c203728a34b8cf123e2d94621a12edc3/numpy-2.2.5-cp310-cp310-musllinux_1_2_x86_64.whl", hash = "sha256:36ab5b23915887543441efd0417e6a3baa08634308894316f446027611b53bf1", size = 18206881, upload-time = "2025-04-19T22:33:22.08Z" },
    { url = "https://files.pythonhosted.org/packages/6b/ec/5b407bab82f10c65af5a5fe754728df03f960fd44d27c036b61f7b3ef255/numpy-2.2.5-cp310-cp310-win32.whl", hash = "sha256:422cc684f17bc963da5f59a31530b3936f57c95a29743056ef7a7903a5dbdf88", size = 6609852, upload-time = "2025-04-19T22:33:33.357Z" },
    { url = "https://files.pythonhosted.org/packages/b6/f5/467ca8675c7e6c567f571d8db942cc10a87588bd9e20a909d8af4171edda/numpy-2.2.5-cp310-cp310-win_amd64.whl", hash = "sha256:e4f0b035d9d0ed519c813ee23e0a733db81ec37d2e9503afbb6e54ccfdee0fa7", size = 12944922, upload-time = "2025-04-19T22:33:53.192Z" },
    { url = "https://files.pythonhosted.org/packages/f5/fb/e4e4c254ba40e8f0c78218f9e86304628c75b6900509b601c8433bdb5da7/numpy-2.2.5-cp311-cp311-macosx_10_9_x86_64.whl", hash = "sha256:c42365005c7a6c42436a54d28c43fe0e01ca11eb2ac3cefe796c25a5f98e5e9b", size = 21256475, upload-time = "2025-04-19T22:34:24.174Z" },
    { url = "https://files.pythonhosted.org/packages/81/32/dd1f7084f5c10b2caad778258fdaeedd7fbd8afcd2510672811e6138dfac/numpy-2.2.5-cp311-cp311-macosx_11_0_arm64.whl", hash = "sha256:498815b96f67dc347e03b719ef49c772589fb74b8ee9ea2c37feae915ad6ebda", size = 14461474, upload-time = "2025-04-19T22:34:46.578Z" },
    { url = "https://files.pythonhosted.org/packages/0e/65/937cdf238ef6ac54ff749c0f66d9ee2b03646034c205cea9b6c51f2f3ad1/numpy-2.2.5-cp311-cp311-macosx_14_0_arm64.whl", hash = "sha256:6411f744f7f20081b1b4e7112e0f4c9c5b08f94b9f086e6f0adf3645f85d3a4d", size = 5426875, upload-time = "2025-04-19T22:34:56.281Z" },
    { url = "https://files.pythonhosted.org/packages/25/17/814515fdd545b07306eaee552b65c765035ea302d17de1b9cb50852d2452/numpy-2.2.5-cp311-cp311-macosx_14_0_x86_64.whl", hash = "sha256:9de6832228f617c9ef45d948ec1cd8949c482238d68b2477e6f642c33a7b0a54", size = 6969176, upload-time = "2025-04-19T22:35:07.518Z" },
    { url = "https://files.pythonhosted.org/packages/e5/32/a66db7a5c8b5301ec329ab36d0ecca23f5e18907f43dbd593c8ec326d57c/numpy-2.2.5-cp311-cp311-manylinux_2_17_aarch64.manylinux2014_aarch64.whl", hash = "sha256:369e0d4647c17c9363244f3468f2227d557a74b6781cb62ce57cf3ef5cc7c610", size = 14374850, upload-time = "2025-04-19T22:35:31.347Z" },
    { url = "https://files.pythonhosted.org/packages/ad/c9/1bf6ada582eebcbe8978f5feb26584cd2b39f94ededeea034ca8f84af8c8/numpy-2.2.5-cp311-cp311-manylinux_2_17_x86_64.manylinux2014_x86_64.whl", hash = "sha256:262d23f383170f99cd9191a7c85b9a50970fe9069b2f8ab5d786eca8a675d60b", size = 16430306, upload-time = "2025-04-19T22:35:57.573Z" },
    { url = "https://files.pythonhosted.org/packages/6a/f0/3f741863f29e128f4fcfdb99253cc971406b402b4584663710ee07f5f7eb/numpy-2.2.5-cp311-cp311-musllinux_1_2_aarch64.whl", hash = "sha256:aa70fdbdc3b169d69e8c59e65c07a1c9351ceb438e627f0fdcd471015cd956be", size = 15884767, upload-time = "2025-04-19T22:36:22.245Z" },
    { url = "https://files.pythonhosted.org/packages/98/d9/4ccd8fd6410f7bf2d312cbc98892e0e43c2fcdd1deae293aeb0a93b18071/numpy-2.2.5-cp311-cp311-musllinux_1_2_x86_64.whl", hash = "sha256:37e32e985f03c06206582a7323ef926b4e78bdaa6915095ef08070471865b906", size = 18219515, upload-time = "2025-04-19T22:36:49.822Z" },
    { url = "https://files.pythonhosted.org/packages/b1/56/783237243d4395c6dd741cf16eeb1a9035ee3d4310900e6b17e875d1b201/numpy-2.2.5-cp311-cp311-win32.whl", hash = "sha256:f5045039100ed58fa817a6227a356240ea1b9a1bc141018864c306c1a16d4175", size = 6607842, upload-time = "2025-04-19T22:37:01.624Z" },
    { url = "https://files.pythonhosted.org/packages/98/89/0c93baaf0094bdaaaa0536fe61a27b1dce8a505fa262a865ec142208cfe9/numpy-2.2.5-cp311-cp311-win_amd64.whl", hash = "sha256:b13f04968b46ad705f7c8a80122a42ae8f620536ea38cf4bdd374302926424dd", size = 12949071, upload-time = "2025-04-19T22:37:21.098Z" },
    { url = "https://files.pythonhosted.org/packages/e2/f7/1fd4ff108cd9d7ef929b8882692e23665dc9c23feecafbb9c6b80f4ec583/numpy-2.2.5-cp312-cp312-macosx_10_13_x86_64.whl", hash = "sha256:ee461a4eaab4f165b68780a6a1af95fb23a29932be7569b9fab666c407969051", size = 20948633, upload-time = "2025-04-19T22:37:52.4Z" },
    { url = "https://files.pythonhosted.org/packages/12/03/d443c278348371b20d830af155ff2079acad6a9e60279fac2b41dbbb73d8/numpy-2.2.5-cp312-cp312-macosx_11_0_arm64.whl", hash = "sha256:ec31367fd6a255dc8de4772bd1658c3e926d8e860a0b6e922b615e532d320ddc", size = 14176123, upload-time = "2025-04-19T22:38:15.058Z" },
    { url = "https://files.pythonhosted.org/packages/2b/0b/5ca264641d0e7b14393313304da48b225d15d471250376f3fbdb1a2be603/numpy-2.2.5-cp312-cp312-macosx_14_0_arm64.whl", hash = "sha256:47834cde750d3c9f4e52c6ca28a7361859fcaf52695c7dc3cc1a720b8922683e", size = 5163817, upload-time = "2025-04-19T22:38:24.885Z" },
    { url = "https://files.pythonhosted.org/packages/04/b3/d522672b9e3d28e26e1613de7675b441bbd1eaca75db95680635dd158c67/numpy-2.2.5-cp312-cp312-macosx_14_0_x86_64.whl", hash = "sha256:2c1a1c6ccce4022383583a6ded7bbcda22fc635eb4eb1e0a053336425ed36dfa", size = 6698066, upload-time = "2025-04-19T22:38:35.782Z" },
    { url = "https://files.pythonhosted.org/packages/a0/93/0f7a75c1ff02d4b76df35079676b3b2719fcdfb39abdf44c8b33f43ef37d/numpy-2.2.5-cp312-cp312-manylinux_2_17_aarch64.manylinux2014_aarch64.whl", hash = "sha256:9d75f338f5f79ee23548b03d801d28a505198297534f62416391857ea0479571", size = 14087277, upload-time = "2025-04-19T22:38:57.697Z" },
    { url = "https://files.pythonhosted.org/packages/b0/d9/7c338b923c53d431bc837b5b787052fef9ae68a56fe91e325aac0d48226e/numpy-2.2.5-cp312-cp312-manylinux_2_17_x86_64.manylinux2014_x86_64.whl", hash = "sha256:3a801fef99668f309b88640e28d261991bfad9617c27beda4a3aec4f217ea073", size = 16135742, upload-time = "2025-04-19T22:39:22.689Z" },
    { url = "https://files.pythonhosted.org/packages/2d/10/4dec9184a5d74ba9867c6f7d1e9f2e0fb5fe96ff2bf50bb6f342d64f2003/numpy-2.2.5-cp312-cp312-musllinux_1_2_aarch64.whl", hash = "sha256:abe38cd8381245a7f49967a6010e77dbf3680bd3627c0fe4362dd693b404c7f8", size = 15581825, upload-time = "2025-04-19T22:39:45.794Z" },
    { url = "https://files.pythonhosted.org/packages/80/1f/2b6fcd636e848053f5b57712a7d1880b1565eec35a637fdfd0a30d5e738d/numpy-2.2.5-cp312-cp312-musllinux_1_2_x86_64.whl", hash = "sha256:5a0ac90e46fdb5649ab6369d1ab6104bfe5854ab19b645bf5cda0127a13034ae", size = 17899600, upload-time = "2025-04-19T22:40:13.427Z" },
    { url = "https://files.pythonhosted.org/packages/ec/87/36801f4dc2623d76a0a3835975524a84bd2b18fe0f8835d45c8eae2f9ff2/numpy-2.2.5-cp312-cp312-win32.whl", hash = "sha256:0cd48122a6b7eab8f06404805b1bd5856200e3ed6f8a1b9a194f9d9054631beb", size = 6312626, upload-time = "2025-04-19T22:40:25.223Z" },
    { url = "https://files.pythonhosted.org/packages/8b/09/4ffb4d6cfe7ca6707336187951992bd8a8b9142cf345d87ab858d2d7636a/numpy-2.2.5-cp312-cp312-win_amd64.whl", hash = "sha256:ced69262a8278547e63409b2653b372bf4baff0870c57efa76c5703fd6543282", size = 12645715, upload-time = "2025-04-19T22:40:44.528Z" },
    { url = "https://files.pythonhosted.org/packages/e2/a0/0aa7f0f4509a2e07bd7a509042967c2fab635690d4f48c6c7b3afd4f448c/numpy-2.2.5-cp313-cp313-macosx_10_13_x86_64.whl", hash = "sha256:059b51b658f4414fff78c6d7b1b4e18283ab5fa56d270ff212d5ba0c561846f4", size = 20935102, upload-time = "2025-04-19T22:41:16.234Z" },
    { url = "https://files.pythonhosted.org/packages/7e/e4/a6a9f4537542912ec513185396fce52cdd45bdcf3e9d921ab02a93ca5aa9/numpy-2.2.5-cp313-cp313-macosx_11_0_arm64.whl", hash = "sha256:47f9ed103af0bc63182609044b0490747e03bd20a67e391192dde119bf43d52f", size = 14191709, upload-time = "2025-04-19T22:41:38.472Z" },
    { url = "https://files.pythonhosted.org/packages/be/65/72f3186b6050bbfe9c43cb81f9df59ae63603491d36179cf7a7c8d216758/numpy-2.2.5-cp313-cp313-macosx_14_0_arm64.whl", hash = "sha256:261a1ef047751bb02f29dfe337230b5882b54521ca121fc7f62668133cb119c9", size = 5149173, upload-time = "2025-04-19T22:41:47.823Z" },
    { url = "https://files.pythonhosted.org/packages/e5/e9/83e7a9432378dde5802651307ae5e9ea07bb72b416728202218cd4da2801/numpy-2.2.5-cp313-cp313-macosx_14_0_x86_64.whl", hash = "sha256:4520caa3807c1ceb005d125a75e715567806fed67e315cea619d5ec6e75a4191", size = 6684502, upload-time = "2025-04-19T22:41:58.689Z" },
    { url = "https://files.pythonhosted.org/packages/ea/27/b80da6c762394c8ee516b74c1f686fcd16c8f23b14de57ba0cad7349d1d2/numpy-2.2.5-cp313-cp313-manylinux_2_17_aarch64.manylinux2014_aarch64.whl", hash = "sha256:3d14b17b9be5f9c9301f43d2e2a4886a33b53f4e6fdf9ca2f4cc60aeeee76372", size = 14084417, upload-time = "2025-04-19T22:42:19.897Z" },
    { url = "https://files.pythonhosted.org/packages/aa/fc/ebfd32c3e124e6a1043e19c0ab0769818aa69050ce5589b63d05ff185526/numpy-2.2.5-cp313-cp313-manylinux_2_17_x86_64.manylinux2014_x86_64.whl", hash = "sha256:2ba321813a00e508d5421104464510cc962a6f791aa2fca1c97b1e65027da80d", size = 16133807, upload-time = "2025-04-19T22:42:44.433Z" },
    { url = "https://files.pythonhosted.org/packages/bf/9b/4cc171a0acbe4666f7775cfd21d4eb6bb1d36d3a0431f48a73e9212d2278/numpy-2.2.5-cp313-cp313-musllinux_1_2_aarch64.whl", hash = "sha256:a4cbdef3ddf777423060c6f81b5694bad2dc9675f110c4b2a60dc0181543fac7", size = 15575611, upload-time = "2025-04-19T22:43:09.928Z" },
    { url = "https://files.pythonhosted.org/packages/a3/45/40f4135341850df48f8edcf949cf47b523c404b712774f8855a64c96ef29/numpy-2.2.5-cp313-cp313-musllinux_1_2_x86_64.whl", hash = "sha256:54088a5a147ab71a8e7fdfd8c3601972751ded0739c6b696ad9cb0343e21ab73", size = 17895747, upload-time = "2025-04-19T22:43:36.983Z" },
    { url = "https://files.pythonhosted.org/packages/f8/4c/b32a17a46f0ffbde8cc82df6d3daeaf4f552e346df143e1b188a701a8f09/numpy-2.2.5-cp313-cp313-win32.whl", hash = "sha256:c8b82a55ef86a2d8e81b63da85e55f5537d2157165be1cb2ce7cfa57b6aef38b", size = 6309594, upload-time = "2025-04-19T22:47:10.523Z" },
    { url = "https://files.pythonhosted.org/packages/13/ae/72e6276feb9ef06787365b05915bfdb057d01fceb4a43cb80978e518d79b/numpy-2.2.5-cp313-cp313-win_amd64.whl", hash = "sha256:d8882a829fd779f0f43998e931c466802a77ca1ee0fe25a3abe50278616b1471", size = 12638356, upload-time = "2025-04-19T22:47:30.253Z" },
    { url = "https://files.pythonhosted.org/packages/79/56/be8b85a9f2adb688e7ded6324e20149a03541d2b3297c3ffc1a73f46dedb/numpy-2.2.5-cp313-cp313t-macosx_10_13_x86_64.whl", hash = "sha256:e8b025c351b9f0e8b5436cf28a07fa4ac0204d67b38f01433ac7f9b870fa38c6", size = 20963778, upload-time = "2025-04-19T22:44:09.251Z" },
    { url = "https://files.pythonhosted.org/packages/ff/77/19c5e62d55bff507a18c3cdff82e94fe174957bad25860a991cac719d3ab/numpy-2.2.5-cp313-cp313t-macosx_11_0_arm64.whl", hash = "sha256:8dfa94b6a4374e7851bbb6f35e6ded2120b752b063e6acdd3157e4d2bb922eba", size = 14207279, upload-time = "2025-04-19T22:44:31.383Z" },
    { url = "https://files.pythonhosted.org/packages/75/22/aa11f22dc11ff4ffe4e849d9b63bbe8d4ac6d5fae85ddaa67dfe43be3e76/numpy-2.2.5-cp313-cp313t-macosx_14_0_arm64.whl", hash = "sha256:97c8425d4e26437e65e1d189d22dff4a079b747ff9c2788057bfb8114ce1e133", size = 5199247, upload-time = "2025-04-19T22:44:40.361Z" },
    { url = "https://files.pythonhosted.org/packages/4f/6c/12d5e760fc62c08eded0394f62039f5a9857f758312bf01632a81d841459/numpy-2.2.5-cp313-cp313t-macosx_14_0_x86_64.whl", hash = "sha256:352d330048c055ea6db701130abc48a21bec690a8d38f8284e00fab256dc1376", size = 6711087, upload-time = "2025-04-19T22:44:51.188Z" },
    { url = "https://files.pythonhosted.org/packages/ef/94/ece8280cf4218b2bee5cec9567629e61e51b4be501e5c6840ceb593db945/numpy-2.2.5-cp313-cp313t-manylinux_2_17_aarch64.manylinux2014_aarch64.whl", hash = "sha256:8b4c0773b6ada798f51f0f8e30c054d32304ccc6e9c5d93d46cb26f3d385ab19", size = 14059964, upload-time = "2025-04-19T22:45:12.451Z" },
    { url = "https://files.pythonhosted.org/packages/39/41/c5377dac0514aaeec69115830a39d905b1882819c8e65d97fc60e177e19e/numpy-2.2.5-cp313-cp313t-manylinux_2_17_x86_64.manylinux2014_x86_64.whl", hash = "sha256:55f09e00d4dccd76b179c0f18a44f041e5332fd0e022886ba1c0bbf3ea4a18d0", size = 16121214, upload-time = "2025-04-19T22:45:37.734Z" },
    { url = "https://files.pythonhosted.org/packages/db/54/3b9f89a943257bc8e187145c6bc0eb8e3d615655f7b14e9b490b053e8149/numpy-2.2.5-cp313-cp313t-musllinux_1_2_aarch64.whl", hash = "sha256:02f226baeefa68f7d579e213d0f3493496397d8f1cff5e2b222af274c86a552a", size = 15575788, upload-time = "2025-04-19T22:46:01.908Z" },
    { url = "https://files.pythonhosted.org/packages/b1/c4/2e407e85df35b29f79945751b8f8e671057a13a376497d7fb2151ba0d290/numpy-2.2.5-cp313-cp313t-musllinux_1_2_x86_64.whl", hash = "sha256:c26843fd58f65da9491165072da2cccc372530681de481ef670dcc8e27cfb066", size = 17893672, upload-time = "2025-04-19T22:46:28.585Z" },
    { url = "https://files.pythonhosted.org/packages/29/7e/d0b44e129d038dba453f00d0e29ebd6eaf2f06055d72b95b9947998aca14/numpy-2.2.5-cp313-cp313t-win32.whl", hash = "sha256:1a161c2c79ab30fe4501d5a2bbfe8b162490757cf90b7f05be8b80bc02f7bb8e", size = 6377102, upload-time = "2025-04-19T22:46:39.949Z" },
    { url = "https://files.pythonhosted.org/packages/63/be/b85e4aa4bf42c6502851b971f1c326d583fcc68227385f92089cf50a7b45/numpy-2.2.5-cp313-cp313t-win_amd64.whl", hash = "sha256:d403c84991b5ad291d3809bace5e85f4bbf44a04bdc9a88ed2bb1807b3360bb8", size = 12750096, upload-time = "2025-04-19T22:47:00.147Z" },
    { url = "https://files.pythonhosted.org/packages/35/e4/5ef5ef1d4308f96961198b2323bfc7c7afb0ccc0d623b01c79bc87ab496d/numpy-2.2.5-pp310-pypy310_pp73-macosx_10_15_x86_64.whl", hash = "sha256:b4ea7e1cff6784e58fe281ce7e7f05036b3e1c89c6f922a6bfbc0a7e8768adbe", size = 21083404, upload-time = "2025-04-19T22:48:01.605Z" },
    { url = "https://files.pythonhosted.org/packages/a3/5f/bde9238e8e977652a16a4b114ed8aa8bb093d718c706eeecb5f7bfa59572/numpy-2.2.5-pp310-pypy310_pp73-macosx_14_0_x86_64.whl", hash = "sha256:d7543263084a85fbc09c704b515395398d31d6395518446237eac219eab9e55e", size = 6828578, upload-time = "2025-04-19T22:48:13.118Z" },
    { url = "https://files.pythonhosted.org/packages/ef/7f/813f51ed86e559ab2afb6a6f33aa6baf8a560097e25e4882a938986c76c2/numpy-2.2.5-pp310-pypy310_pp73-manylinux_2_17_x86_64.manylinux2014_x86_64.whl", hash = "sha256:0255732338c4fdd00996c0421884ea8a3651eea555c3a56b84892b66f696eb70", size = 16234796, upload-time = "2025-04-19T22:48:37.102Z" },
    { url = "https://files.pythonhosted.org/packages/68/67/1175790323026d3337cc285cc9c50eca637d70472b5e622529df74bb8f37/numpy-2.2.5-pp310-pypy310_pp73-win_amd64.whl", hash = "sha256:d2e3bdadaba0e040d1e7ab39db73e0afe2c74ae277f5614dad53eadbecbbb169", size = 12859001, upload-time = "2025-04-19T22:48:57.665Z" },
]

[[package]]
name = "pybind11"
version = "2.13.6"
source = { registry = "https://pypi.org/simple" }
sdist = { url = "https://files.pythonhosted.org/packages/d2/c1/72b9622fcb32ff98b054f724e213c7f70d6898baa714f4516288456ceaba/pybind11-2.13.6.tar.gz", hash = "sha256:ba6af10348c12b24e92fa086b39cfba0eff619b61ac77c406167d813b096d39a", size = 218403, upload-time = "2024-09-14T00:35:22.606Z" }
wheels = [
    { url = "https://files.pythonhosted.org/packages/13/2f/0f24b288e2ce56f51c920137620b4434a38fd80583dbbe24fc2a1656c388/pybind11-2.13.6-py3-none-any.whl", hash = "sha256:237c41e29157b962835d356b370ededd57594a26d5894a795960f0047cb5caf5", size = 243282, upload-time = "2024-09-14T00:35:20.361Z" },
]
