dependencies:
- name: skypilot
  repository: file://../fork/skypilot
  version: 0.0.6
- name: ingress-nginx
  repository: https://kubernetes.github.io/ingress-nginx
  version: 4.11.3
digest: sha256:82a1fcb78a97f46ba11a167f48b37d02f495439c9aba1c89b733f1dd01b40e21
generated: "2025-06-20T22:10:06.648739-03:00"
